
Microsoft Visual Studio Solution File, Format Version 12.00
# Visual Studio Version 16
VisualStudioVersion = 16.0.32126.315
MinimumVisualStudioVersion = 10.0.40219.1
Project("{8BC9CEB8-8B4A-11D0-8D11-00A0C91BC942}") = "Electrochess", "Electrochess\Electrochess.vcxproj", "{99EAE20D-A430-40AF-A3BE-046ED9A1001C}"
EndProject
Global
	GlobalSection(SolutionConfigurationPlatforms) = preSolution
		Debug|x64 = Debug|x64
		Debug|x86 = Debug|x86
		Release|x64 = Release|x64
		Release|x86 = Release|x86
	EndGlobalSection
	GlobalSection(ProjectConfigurationPlatforms) = postSolution
		{99EAE20D-A430-40AF-A3BE-046ED9A1001C}.Debug|x64.ActiveCfg = Debug|x64
		{99EAE20D-A430-40AF-A3BE-046ED9A1001C}.Debug|x64.Build.0 = Debug|x64
		{99EAE20D-A430-40AF-A3BE-046ED9A1001C}.Debug|x86.ActiveCfg = Debug|Win32
		{99EAE20D-A430-40AF-A3BE-046ED9A1001C}.Debug|x86.Build.0 = Debug|Win32
		{99EAE20D-A430-40AF-A3BE-046ED9A1001C}.Release|x64.ActiveCfg = Release|x64
		{99EAE20D-A430-40AF-A3BE-046ED9A1001C}.Release|x64.Build.0 = Release|x64
		{99EAE20D-A430-40AF-A3BE-046ED9A1001C}.Release|x86.ActiveCfg = Release|Win32
		{99EAE20D-A430-40AF-A3BE-046ED9A1001C}.Release|x86.Build.0 = Release|Win32
	EndGlobalSection
	GlobalSection(SolutionProperties) = preSolution
		HideSolutionNode = FALSE
	EndGlobalSection
	GlobalSection(ExtensibilityGlobals) = postSolution
		SolutionGuid = {5FD19658-B6F4-45C1-A984-9F1417338828}
	EndGlobalSection
EndGlobal
